
Microsoft Visual Studio Solution File, Format Version 12.00
# Visual Studio Version 16
VisualStudioVersion = 16.0.30114.105
MinimumVisualStudioVersion = 10.0.40219.1
Project("{9A19103F-16F7-4668-BE54-9A1E7A4F7556}") = "RestApiStudy", "RestApiStudy.csproj", "{DFB589C2-50E7-4532-B810-947586BF5DCD}"
EndProject
Project("{9A19103F-16F7-4668-BE54-9A1E7A4F7556}") = "RabbitMQConsumer", "..\..\source\repos\RestApi\RabbitMQConsumer\RabbitMQConsumer.csproj", "{722CE5DE-3192-49BF-A974-945D10D69EC8}"
EndProject
Global
	GlobalSection(SolutionConfigurationPlatforms) = preSolution
		Debug|Any CPU = Debug|Any CPU
		Release|Any CPU = Release|Any CPU
	EndGlobalSection
	GlobalSection(ProjectConfigurationPlatforms) = postSolution
		{DFB589C2-50E7-4532-B810-947586BF5DCD}.Debug|Any CPU.ActiveCfg = Debug|Any CPU
		{DFB589C2-50E7-4532-B810-947586BF5DCD}.Debug|Any CPU.Build.0 = Debug|Any CPU
		{DFB589C2-50E7-4532-B810-947586BF5DCD}.Release|Any CPU.ActiveCfg = Release|Any CPU
		{DFB589C2-50E7-4532-B810-947586BF5DCD}.Release|Any CPU.Build.0 = Release|Any CPU
		{722CE5DE-3192-49BF-A974-945D10D69EC8}.Debug|Any CPU.ActiveCfg = Debug|Any CPU
		{722CE5DE-3192-49BF-A974-945D10D69EC8}.Debug|Any CPU.Build.0 = Debug|Any CPU
		{722CE5DE-3192-49BF-A974-945D10D69EC8}.Release|Any CPU.ActiveCfg = Release|Any CPU
		{722CE5DE-3192-49BF-A974-945D10D69EC8}.Release|Any CPU.Build.0 = Release|Any CPU
	EndGlobalSection
	GlobalSection(SolutionProperties) = preSolution
		HideSolutionNode = FALSE
	EndGlobalSection
	GlobalSection(ExtensibilityGlobals) = postSolution
		SolutionGuid = {3643AEFF-E338-4477-8851-7A1F6BBD6554}
	EndGlobalSection
EndGlobal
